
Microsoft Visual Studio Solution File, Format Version 12.00
# Visual Studio 15
VisualStudioVersion = 15.0.28010.2046
MinimumVisualStudioVersion = 10.0.40219.1
Project("{FAE04EC0-301F-11D3-BF4B-00C04F79EFBC}") = "XMLFunCursus", "XMLFunCursus\XMLFunCursus.csproj", "{D370A8CE-3258-4850-9227-1EFCE1B6BDA9}"
EndProject
Project("{FAE04EC0-301F-11D3-BF4B-00C04F79EFBC}") = "XMLFunOefenMap", "XMLFunOefenMap\XMLFunOefenMap.csproj", "{8309D2AB-8A1F-4BA4-99AA-68779A886796}"
EndProject
Global
	GlobalSection(SolutionConfigurationPlatforms) = preSolution
		Debug|Any CPU = Debug|Any CPU
		Release|Any CPU = Release|Any CPU
	EndGlobalSection
	GlobalSection(ProjectConfigurationPlatforms) = postSolution
		{D370A8CE-3258-4850-9227-1EFCE1B6BDA9}.Debug|Any CPU.ActiveCfg = Debug|Any CPU
		{D370A8CE-3258-4850-9227-1EFCE1B6BDA9}.Debug|Any CPU.Build.0 = Debug|Any CPU
		{D370A8CE-3258-4850-9227-1EFCE1B6BDA9}.Release|Any CPU.ActiveCfg = Release|Any CPU
		{D370A8CE-3258-4850-9227-1EFCE1B6BDA9}.Release|Any CPU.Build.0 = Release|Any CPU
		{8309D2AB-8A1F-4BA4-99AA-68779A886796}.Debug|Any CPU.ActiveCfg = Debug|Any CPU
		{8309D2AB-8A1F-4BA4-99AA-68779A886796}.Debug|Any CPU.Build.0 = Debug|Any CPU
		{8309D2AB-8A1F-4BA4-99AA-68779A886796}.Release|Any CPU.ActiveCfg = Release|Any CPU
		{8309D2AB-8A1F-4BA4-99AA-68779A886796}.Release|Any CPU.Build.0 = Release|Any CPU
	EndGlobalSection
	GlobalSection(SolutionProperties) = preSolution
		HideSolutionNode = FALSE
	EndGlobalSection
	GlobalSection(ExtensibilityGlobals) = postSolution
		SolutionGuid = {3314C773-943D-4111-8B42-E5C6AF3135B1}
	EndGlobalSection
EndGlobal
